<?xml version="1.0" encoding="UTF-8"?>
<!DOCTYPE plist PUBLIC "-//Apple//DTD PLIST 1.0//EN" "http://www.apple.com/DTDs/PropertyList-1.0.dtd">
<plist version="1.0">
<dict>
	<key>archiveVersion</key>
	<string>1</string>
	<key>classes</key>
	<dict/>
	<key>objectVersion</key>
	<string>46</string>
	<key>objects</key>
	<dict>
		<key>6EB7E13017F73FD400C1500A</key>
		<dict>
			<key>children</key>
			<array>
				<string>6EB7E14217F73FD400C1500A</string>
				<string>6EB7E16417F73FD500C1500A</string>
				<string>6EB7E13B17F73FD400C1500A</string>
				<string>6EB7E13A17F73FD400C1500A</string>
			</array>
			<key>isa</key>
			<string>PBXGroup</string>
			<key>sourceTree</key>
			<string>&lt;group&gt;</string>
		</dict>
		<key>6EB7E13117F73FD400C1500A</key>
		<dict>
			<key>attributes</key>
			<dict>
				<key>LastUpgradeCheck</key>
				<string>0500</string>
				<key>ORGANIZATIONNAME</key>
				<string>Oleksiy Radyvanyuk</string>
				<key>TargetAttributes</key>
				<dict>
					<key>6EB7E15C17F73FD500C1500A</key>
					<dict>
						<key>TestTargetID</key>
						<string>6EB7E13817F73FD400C1500A</string>
					</dict>
				</dict>
			</dict>
			<key>buildConfigurationList</key>
			<string>6EB7E13417F73FD400C1500A</string>
			<key>compatibilityVersion</key>
			<string>Xcode 3.2</string>
			<key>developmentRegion</key>
			<string>English</string>
			<key>hasScannedForEncodings</key>
			<string>0</string>
			<key>isa</key>
			<string>PBXProject</string>
			<key>knownRegions</key>
			<array>
				<string>en</string>
				<string>Base</string>
			</array>
			<key>mainGroup</key>
			<string>6EB7E13017F73FD400C1500A</string>
			<key>productRefGroup</key>
			<string>6EB7E13A17F73FD400C1500A</string>
			<key>projectDirPath</key>
			<string></string>
			<key>projectReferences</key>
			<array/>
			<key>projectRoot</key>
			<string></string>
			<key>targets</key>
			<array>
				<string>6EB7E13817F73FD400C1500A</string>
				<string>6EB7E15C17F73FD500C1500A</string>
			</array>
		</dict>
		<key>6EB7E13417F73FD400C1500A</key>
		<dict>
			<key>buildConfigurations</key>
			<array>
				<string>6EB7E16C17F73FD500C1500A</string>
				<string>6EB7E16D17F73FD500C1500A</string>
			</array>
			<key>defaultConfigurationIsVisible</key>
			<string>0</string>
			<key>defaultConfigurationName</key>
			<string>Release</string>
			<key>isa</key>
			<string>XCConfigurationList</string>
		</dict>
		<key>6EB7E13517F73FD400C1500A</key>
		<dict>
			<key>buildActionMask</key>
			<string>2147483647</string>
			<key>files</key>
			<array>
				<string>6EB7E15617F73FD400C1500A</string>
				<string>6EB7E14D17F73FD400C1500A</string>
				<string>6EB7E14917F73FD400C1500A</string>
			</array>
			<key>isa</key>
			<string>PBXSourcesBuildPhase</string>
			<key>runOnlyForDeploymentPostprocessing</key>
			<string>0</string>
		</dict>
		<key>6EB7E13617F73FD400C1500A</key>
		<dict>
			<key>buildActionMask</key>
			<string>2147483647</string>
			<key>files</key>
			<array>
				<string>6EB7E13F17F73FD400C1500A</string>
				<string>6EB7E14117F73FD400C1500A</string>
				<string>6EB7E13D17F73FD400C1500A</string>
			</array>
			<key>isa</key>
			<string>PBXFrameworksBuildPhase</string>
			<key>runOnlyForDeploymentPostprocessing</key>
			<string>0</string>
		</dict>
		<key>6EB7E13717F73FD400C1500A</key>
		<dict>
			<key>buildActionMask</key>
			<string>2147483647</string>
			<key>files</key>
			<array>
				<string>6EB7E15317F73FD400C1500A</string>
				<string>6EB7E15817F73FD500C1500A</string>
				<string>6EB7E15017F73FD400C1500A</string>
				<string>6EB7E14717F73FD400C1500A</string>
			</array>
			<key>isa</key>
			<string>PBXResourcesBuildPhase</string>
			<key>runOnlyForDeploymentPostprocessing</key>
			<string>0</string>
		</dict>
		<key>6EB7E13817F73FD400C1500A</key>
		<dict>
			<key>buildConfigurationList</key>
			<string>6EB7E16E17F73FD500C1500A</string>
			<key>buildPhases</key>
			<array>
				<string>6EB7E13517F73FD400C1500A</string>
				<string>6EB7E13617F73FD400C1500A</string>
				<string>6EB7E13717F73FD400C1500A</string>
			</array>
			<key>buildRules</key>
			<array/>
			<key>dependencies</key>
			<array/>
			<key>isa</key>
			<string>PBXNativeTarget</string>
			<key>name</key>
			<string>FrankCatchAlertView</string>
			<key>productName</key>
			<string>FrankCatchAlertView</string>
			<key>productReference</key>
			<string>6EB7E13917F73FD400C1500A</string>
			<key>productType</key>
			<string>com.apple.product-type.application</string>
		</dict>
		<key>6EB7E13917F73FD400C1500A</key>
		<dict>
			<key>explicitFileType</key>
			<string>wrapper.application</string>
			<key>includeInIndex</key>
			<string>0</string>
			<key>isa</key>
			<string>PBXFileReference</string>
			<key>path</key>
			<string>FrankCatchAlertView.app</string>
			<key>sourceTree</key>
			<string>BUILT_PRODUCTS_DIR</string>
		</dict>
		<key>6EB7E13A17F73FD400C1500A</key>
		<dict>
			<key>children</key>
			<array>
				<string>6EB7E13917F73FD400C1500A</string>
				<string>6EB7E15D17F73FD500C1500A</string>
			</array>
			<key>isa</key>
			<string>PBXGroup</string>
			<key>name</key>
			<string>Products</string>
			<key>sourceTree</key>
			<string>&lt;group&gt;</string>
		</dict>
		<key>6EB7E13B17F73FD400C1500A</key>
		<dict>
			<key>children</key>
			<array>
				<string>6EB7E13C17F73FD400C1500A</string>
				<string>6EB7E13E17F73FD400C1500A</string>
				<string>6EB7E14017F73FD400C1500A</string>
				<string>6EB7E15E17F73FD500C1500A</string>
			</array>
			<key>isa</key>
			<string>PBXGroup</string>
			<key>name</key>
			<string>Frameworks</string>
			<key>sourceTree</key>
			<string>&lt;group&gt;</string>
		</dict>
		<key>6EB7E13C17F73FD400C1500A</key>
		<dict>
			<key>isa</key>
			<string>PBXFileReference</string>
			<key>lastKnownFileType</key>
			<string>wrapper.framework</string>
			<key>name</key>
			<string>Foundation.framework</string>
			<key>path</key>
			<string>System/Library/Frameworks/Foundation.framework</string>
			<key>sourceTree</key>
			<string>SDKROOT</string>
		</dict>
		<key>6EB7E13D17F73FD400C1500A</key>
		<dict>
			<key>fileRef</key>
			<string>6EB7E13C17F73FD400C1500A</string>
			<key>isa</key>
			<string>PBXBuildFile</string>
		</dict>
		<key>6EB7E13E17F73FD400C1500A</key>
		<dict>
			<key>isa</key>
			<string>PBXFileReference</string>
			<key>lastKnownFileType</key>
			<string>wrapper.framework</string>
			<key>name</key>
			<string>CoreGraphics.framework</string>
			<key>path</key>
			<string>System/Library/Frameworks/CoreGraphics.framework</string>
			<key>sourceTree</key>
			<string>SDKROOT</string>
		</dict>
		<key>6EB7E13F17F73FD400C1500A</key>
		<dict>
			<key>fileRef</key>
			<string>6EB7E13E17F73FD400C1500A</string>
			<key>isa</key>
			<string>PBXBuildFile</string>
		</dict>
		<key>6EB7E14017F73FD400C1500A</key>
		<dict>
			<key>isa</key>
			<string>PBXFileReference</string>
			<key>lastKnownFileType</key>
			<string>wrapper.framework</string>
			<key>name</key>
			<string>UIKit.framework</string>
			<key>path</key>
			<string>System/Library/Frameworks/UIKit.framework</string>
			<key>sourceTree</key>
			<string>SDKROOT</string>
		</dict>
		<key>6EB7E14117F73FD400C1500A</key>
		<dict>
			<key>fileRef</key>
			<string>6EB7E14017F73FD400C1500A</string>
			<key>isa</key>
			<string>PBXBuildFile</string>
		</dict>
		<key>6EB7E14217F73FD400C1500A</key>
		<dict>
			<key>children</key>
			<array>
				<string>6EB7E14B17F73FD400C1500A</string>
				<string>6EB7E14C17F73FD400C1500A</string>
				<string>6EB7E14E17F73FD400C1500A</string>
				<string>6EB7E15117F73FD400C1500A</string>
				<string>6EB7E15417F73FD400C1500A</string>
				<string>6EB7E15517F73FD400C1500A</string>
				<string>6EB7E15717F73FD500C1500A</string>
				<string>6EB7E14317F73FD400C1500A</string>
			</array>
			<key>isa</key>
			<string>PBXGroup</string>
			<key>path</key>
			<string>FrankCatchAlertView</string>
			<key>sourceTree</key>
			<string>&lt;group&gt;</string>
		</dict>
		<key>6EB7E14317F73FD400C1500A</key>
		<dict>
			<key>children</key>
			<array>
				<string>6EB7E14417F73FD400C1500A</string>
				<string>6EB7E14517F73FD400C1500A</string>
				<string>6EB7E14817F73FD400C1500A</string>
				<string>6EB7E14A17F73FD400C1500A</string>
			</array>
			<key>isa</key>
			<string>PBXGroup</string>
			<key>name</key>
			<string>Supporting Files</string>
			<key>sourceTree</key>
			<string>&lt;group&gt;</string>
		</dict>
		<key>6EB7E14417F73FD400C1500A</key>
		<dict>
			<key>isa</key>
			<string>PBXFileReference</string>
			<key>lastKnownFileType</key>
			<string>text.plist.xml</string>
			<key>path</key>
			<string>FrankCatchAlertView-Info.plist</string>
			<key>sourceTree</key>
			<string>&lt;group&gt;</string>
		</dict>
		<key>6EB7E14517F73FD400C1500A</key>
		<dict>
			<key>children</key>
			<array>
				<string>6EB7E14617F73FD400C1500A</string>
			</array>
			<key>isa</key>
			<string>PBXVariantGroup</string>
			<key>name</key>
			<string>InfoPlist.strings</string>
			<key>sourceTree</key>
			<string>&lt;group&gt;</string>
		</dict>
		<key>6EB7E14617F73FD400C1500A</key>
		<dict>
			<key>isa</key>
			<string>PBXFileReference</string>
			<key>lastKnownFileType</key>
			<string>text.plist.strings</string>
			<key>name</key>
			<string>en</string>
			<key>path</key>
			<string>en.lproj/InfoPlist.strings</string>
			<key>sourceTree</key>
			<string>&lt;group&gt;</string>
		</dict>
		<key>6EB7E14717F73FD400C1500A</key>
		<dict>
			<key>fileRef</key>
			<string>6EB7E14517F73FD400C1500A</string>
			<key>isa</key>
			<string>PBXBuildFile</string>
		</dict>
		<key>6EB7E14817F73FD400C1500A</key>
		<dict>
			<key>isa</key>
			<string>PBXFileReference</string>
			<key>lastKnownFileType</key>
			<string>sourcecode.c.objc</string>
			<key>path</key>
			<string>main.m</string>
			<key>sourceTree</key>
			<string>&lt;group&gt;</string>
		</dict>
		<key>6EB7E14917F73FD400C1500A</key>
		<dict>
			<key>fileRef</key>
			<string>6EB7E14817F73FD400C1500A</string>
			<key>isa</key>
			<string>PBXBuildFile</string>
		</dict>
		<key>6EB7E14A17F73FD400C1500A</key>
		<dict>
			<key>isa</key>
			<string>PBXFileReference</string>
			<key>lastKnownFileType</key>
			<string>sourcecode.c.h</string>
			<key>path</key>
			<string>FrankCatchAlertView-Prefix.pch</string>
			<key>sourceTree</key>
			<string>&lt;group&gt;</string>
		</dict>
		<key>6EB7E14B17F73FD400C1500A</key>
		<dict>
			<key>isa</key>
			<string>PBXFileReference</string>
			<key>lastKnownFileType</key>
			<string>sourcecode.c.h</string>
			<key>path</key>
			<string>AppDelegate.h</string>
			<key>sourceTree</key>
			<string>&lt;group&gt;</string>
		</dict>
		<key>6EB7E14C17F73FD400C1500A</key>
		<dict>
			<key>isa</key>
			<string>PBXFileReference</string>
			<key>lastKnownFileType</key>
			<string>sourcecode.c.objc</string>
			<key>path</key>
			<string>AppDelegate.m</string>
			<key>sourceTree</key>
			<string>&lt;group&gt;</string>
		</dict>
		<key>6EB7E14D17F73FD400C1500A</key>
		<dict>
			<key>fileRef</key>
			<string>6EB7E14C17F73FD400C1500A</string>
			<key>isa</key>
			<string>PBXBuildFile</string>
		</dict>
		<key>6EB7E14E17F73FD400C1500A</key>
		<dict>
			<key>children</key>
			<array>
				<string>6EB7E14F17F73FD400C1500A</string>
			</array>
			<key>isa</key>
			<string>PBXVariantGroup</string>
			<key>name</key>
			<string>Main_iPhone.storyboard</string>
			<key>sourceTree</key>
			<string>&lt;group&gt;</string>
		</dict>
		<key>6EB7E14F17F73FD400C1500A</key>
		<dict>
			<key>isa</key>
			<string>PBXFileReference</string>
			<key>lastKnownFileType</key>
			<string>file.storyboard</string>
			<key>name</key>
			<string>Base</string>
			<key>path</key>
			<string>Base.lproj/Main_iPhone.storyboard</string>
			<key>sourceTree</key>
			<string>&lt;group&gt;</string>
		</dict>
		<key>6EB7E15017F73FD400C1500A</key>
		<dict>
			<key>fileRef</key>
			<string>6EB7E14E17F73FD400C1500A</string>
			<key>isa</key>
			<string>PBXBuildFile</string>
		</dict>
		<key>6EB7E15117F73FD400C1500A</key>
		<dict>
			<key>children</key>
			<array>
				<string>6EB7E15217F73FD400C1500A</string>
			</array>
			<key>isa</key>
			<string>PBXVariantGroup</string>
			<key>name</key>
			<string>Main_iPad.storyboard</string>
			<key>sourceTree</key>
			<string>&lt;group&gt;</string>
		</dict>
		<key>6EB7E15217F73FD400C1500A</key>
		<dict>
			<key>isa</key>
			<string>PBXFileReference</string>
			<key>lastKnownFileType</key>
			<string>file.storyboard</string>
			<key>name</key>
			<string>Base</string>
			<key>path</key>
			<string>Base.lproj/Main_iPad.storyboard</string>
			<key>sourceTree</key>
			<string>&lt;group&gt;</string>
		</dict>
		<key>6EB7E15317F73FD400C1500A</key>
		<dict>
			<key>fileRef</key>
			<string>6EB7E15117F73FD400C1500A</string>
			<key>isa</key>
			<string>PBXBuildFile</string>
		</dict>
		<key>6EB7E15417F73FD400C1500A</key>
		<dict>
			<key>isa</key>
			<string>PBXFileReference</string>
			<key>lastKnownFileType</key>
			<string>sourcecode.c.h</string>
			<key>path</key>
			<string>ViewController.h</string>
			<key>sourceTree</key>
			<string>&lt;group&gt;</string>
		</dict>
		<key>6EB7E15517F73FD400C1500A</key>
		<dict>
			<key>isa</key>
			<string>PBXFileReference</string>
			<key>lastKnownFileType</key>
			<string>sourcecode.c.objc</string>
			<key>path</key>
			<string>ViewController.m</string>
			<key>sourceTree</key>
			<string>&lt;group&gt;</string>
		</dict>
		<key>6EB7E15617F73FD400C1500A</key>
		<dict>
			<key>fileRef</key>
			<string>6EB7E15517F73FD400C1500A</string>
			<key>isa</key>
			<string>PBXBuildFile</string>
		</dict>
		<key>6EB7E15717F73FD500C1500A</key>
		<dict>
			<key>isa</key>
			<string>PBXFileReference</string>
			<key>lastKnownFileType</key>
			<string>folder.assetcatalog</string>
			<key>path</key>
			<string>Images.xcassets</string>
			<key>sourceTree</key>
			<string>&lt;group&gt;</string>
		</dict>
		<key>6EB7E15817F73FD500C1500A</key>
		<dict>
			<key>fileRef</key>
			<string>6EB7E15717F73FD500C1500A</string>
			<key>isa</key>
			<string>PBXBuildFile</string>
		</dict>
		<key>6EB7E15917F73FD500C1500A</key>
		<dict>
			<key>buildActionMask</key>
			<string>2147483647</string>
			<key>files</key>
			<array>
				<string>6EB7E16B17F73FD500C1500A</string>
			</array>
			<key>isa</key>
			<string>PBXSourcesBuildPhase</string>
			<key>runOnlyForDeploymentPostprocessing</key>
			<string>0</string>
		</dict>
		<key>6EB7E15A17F73FD500C1500A</key>
		<dict>
			<key>buildActionMask</key>
			<string>2147483647</string>
			<key>files</key>
			<array>
				<string>6EB7E15F17F73FD500C1500A</string>
				<string>6EB7E16117F73FD500C1500A</string>
				<string>6EB7E16017F73FD500C1500A</string>
			</array>
			<key>isa</key>
			<string>PBXFrameworksBuildPhase</string>
			<key>runOnlyForDeploymentPostprocessing</key>
			<string>0</string>
		</dict>
		<key>6EB7E15B17F73FD500C1500A</key>
		<dict>
			<key>buildActionMask</key>
			<string>2147483647</string>
			<key>files</key>
			<array>
				<string>6EB7E16917F73FD500C1500A</string>
			</array>
			<key>isa</key>
			<string>PBXResourcesBuildPhase</string>
			<key>runOnlyForDeploymentPostprocessing</key>
			<string>0</string>
		</dict>
		<key>6EB7E15C17F73FD500C1500A</key>
		<dict>
			<key>buildConfigurationList</key>
			<string>6EB7E17117F73FD500C1500A</string>
			<key>buildPhases</key>
			<array>
				<string>6EB7E15917F73FD500C1500A</string>
				<string>6EB7E15A17F73FD500C1500A</string>
				<string>6EB7E15B17F73FD500C1500A</string>
			</array>
			<key>buildRules</key>
			<array/>
			<key>dependencies</key>
			<array>
				<string>6EB7E16317F73FD500C1500A</string>
			</array>
			<key>isa</key>
			<string>PBXNativeTarget</string>
			<key>name</key>
			<string>FrankCatchAlertViewTests</string>
			<key>productName</key>
			<string>FrankCatchAlertViewTests</string>
			<key>productReference</key>
			<string>6EB7E15D17F73FD500C1500A</string>
			<key>productType</key>
			<string>com.apple.product-type.bundle.unit-test</string>
		</dict>
		<key>6EB7E15D17F73FD500C1500A</key>
		<dict>
			<key>explicitFileType</key>
			<string>wrapper.cfbundle</string>
			<key>includeInIndex</key>
			<string>0</string>
			<key>isa</key>
			<string>PBXFileReference</string>
			<key>path</key>
			<string>FrankCatchAlertViewTests.xctest</string>
			<key>sourceTree</key>
			<string>BUILT_PRODUCTS_DIR</string>
		</dict>
		<key>6EB7E15E17F73FD500C1500A</key>
		<dict>
			<key>isa</key>
			<string>PBXFileReference</string>
			<key>lastKnownFileType</key>
			<string>wrapper.framework</string>
			<key>name</key>
			<string>XCTest.framework</string>
			<key>path</key>
			<string>Library/Frameworks/XCTest.framework</string>
			<key>sourceTree</key>
			<string>DEVELOPER_DIR</string>
		</dict>
		<key>6EB7E15F17F73FD500C1500A</key>
		<dict>
			<key>fileRef</key>
			<string>6EB7E15E17F73FD500C1500A</string>
			<key>isa</key>
			<string>PBXBuildFile</string>
		</dict>
		<key>6EB7E16017F73FD500C1500A</key>
		<dict>
			<key>fileRef</key>
			<string>6EB7E13C17F73FD400C1500A</string>
			<key>isa</key>
			<string>PBXBuildFile</string>
		</dict>
		<key>6EB7E16117F73FD500C1500A</key>
		<dict>
			<key>fileRef</key>
			<string>6EB7E14017F73FD400C1500A</string>
			<key>isa</key>
			<string>PBXBuildFile</string>
		</dict>
		<key>6EB7E16217F73FD500C1500A</key>
		<dict>
			<key>containerPortal</key>
			<string>6EB7E13117F73FD400C1500A</string>
			<key>isa</key>
			<string>PBXContainerItemProxy</string>
			<key>proxyType</key>
			<string>1</string>
			<key>remoteGlobalIDString</key>
			<string>6EB7E13817F73FD400C1500A</string>
			<key>remoteInfo</key>
			<string>FrankCatchAlertView</string>
		</dict>
		<key>6EB7E16317F73FD500C1500A</key>
		<dict>
			<key>isa</key>
			<string>PBXTargetDependency</string>
			<key>target</key>
			<string>6EB7E13817F73FD400C1500A</string>
			<key>targetProxy</key>
			<string>6EB7E16217F73FD500C1500A</string>
		</dict>
		<key>6EB7E16417F73FD500C1500A</key>
		<dict>
			<key>children</key>
			<array>
				<string>6EB7E16A17F73FD500C1500A</string>
				<string>6EB7E16517F73FD500C1500A</string>
			</array>
			<key>isa</key>
			<string>PBXGroup</string>
			<key>path</key>
			<string>FrankCatchAlertViewTests</string>
			<key>sourceTree</key>
			<string>&lt;group&gt;</string>
		</dict>
		<key>6EB7E16517F73FD500C1500A</key>
		<dict>
			<key>children</key>
			<array>
				<string>6EB7E16617F73FD500C1500A</string>
				<string>6EB7E16717F73FD500C1500A</string>
			</array>
			<key>isa</key>
			<string>PBXGroup</string>
			<key>name</key>
			<string>Supporting Files</string>
			<key>sourceTree</key>
			<string>&lt;group&gt;</string>
		</dict>
		<key>6EB7E16617F73FD500C1500A</key>
		<dict>
			<key>isa</key>
			<string>PBXFileReference</string>
			<key>lastKnownFileType</key>
			<string>text.plist.xml</string>
			<key>path</key>
			<string>FrankCatchAlertViewTests-Info.plist</string>
			<key>sourceTree</key>
			<string>&lt;group&gt;</string>
		</dict>
		<key>6EB7E16717F73FD500C1500A</key>
		<dict>
			<key>children</key>
			<array>
				<string>6EB7E16817F73FD500C1500A</string>
			</array>
			<key>isa</key>
			<string>PBXVariantGroup</string>
			<key>name</key>
			<string>InfoPlist.strings</string>
			<key>sourceTree</key>
			<string>&lt;group&gt;</string>
		</dict>
		<key>6EB7E16817F73FD500C1500A</key>
		<dict>
			<key>isa</key>
			<string>PBXFileReference</string>
			<key>lastKnownFileType</key>
			<string>text.plist.strings</string>
			<key>name</key>
			<string>en</string>
			<key>path</key>
			<string>en.lproj/InfoPlist.strings</string>
			<key>sourceTree</key>
			<string>&lt;group&gt;</string>
		</dict>
		<key>6EB7E16917F73FD500C1500A</key>
		<dict>
			<key>fileRef</key>
			<string>6EB7E16717F73FD500C1500A</string>
			<key>isa</key>
			<string>PBXBuildFile</string>
		</dict>
		<key>6EB7E16A17F73FD500C1500A</key>
		<dict>
			<key>isa</key>
			<string>PBXFileReference</string>
			<key>lastKnownFileType</key>
			<string>sourcecode.c.objc</string>
			<key>path</key>
			<string>FrankCatchAlertViewTests.m</string>
			<key>sourceTree</key>
			<string>&lt;group&gt;</string>
		</dict>
		<key>6EB7E16B17F73FD500C1500A</key>
		<dict>
			<key>fileRef</key>
			<string>6EB7E16A17F73FD500C1500A</string>
			<key>isa</key>
			<string>PBXBuildFile</string>
		</dict>
		<key>6EB7E16C17F73FD500C1500A</key>
		<dict>
			<key>buildSettings</key>
			<dict>
				<key>ALWAYS_SEARCH_USER_PATHS</key>
				<string>NO</string>
				<key>ARCHS</key>
				<string>$(ARCHS_STANDARD_INCLUDING_64_BIT)</string>
				<key>CLANG_CXX_LANGUAGE_STANDARD</key>
				<string>gnu++0x</string>
				<key>CLANG_CXX_LIBRARY</key>
				<string>libc++</string>
				<key>CLANG_ENABLE_MODULES</key>
				<string>YES</string>
				<key>CLANG_ENABLE_OBJC_ARC</key>
				<string>YES</string>
				<key>CLANG_WARN_BOOL_CONVERSION</key>
				<string>YES</string>
				<key>CLANG_WARN_CONSTANT_CONVERSION</key>
				<string>YES</string>
				<key>CLANG_WARN_DIRECT_OBJC_ISA_USAGE</key>
				<string>YES_ERROR</string>
				<key>CLANG_WARN_EMPTY_BODY</key>
				<string>YES</string>
				<key>CLANG_WARN_ENUM_CONVERSION</key>
				<string>YES</string>
				<key>CLANG_WARN_INT_CONVERSION</key>
				<string>YES</string>
				<key>CLANG_WARN_OBJC_ROOT_CLASS</key>
				<string>YES_ERROR</string>
				<key>CLANG_WARN__DUPLICATE_METHOD_MATCH</key>
				<string>YES</string>
				<key>CODE_SIGN_IDENTITY[sdk=iphoneos*]</key>
				<string>iPhone Developer</string>
				<key>COPY_PHASE_STRIP</key>
				<string>NO</string>
				<key>GCC_C_LANGUAGE_STANDARD</key>
				<string>gnu99</string>
				<key>GCC_DYNAMIC_NO_PIC</key>
				<string>NO</string>
				<key>GCC_OPTIMIZATION_LEVEL</key>
				<string>0</string>
				<key>GCC_PREPROCESSOR_DEFINITIONS</key>
				<array>
					<string>DEBUG=1</string>
					<string>$(inherited)</string>
				</array>
				<key>GCC_SYMBOLS_PRIVATE_EXTERN</key>
				<string>NO</string>
				<key>GCC_WARN_64_TO_32_BIT_CONVERSION</key>
				<string>YES</string>
				<key>GCC_WARN_ABOUT_RETURN_TYPE</key>
				<string>YES_ERROR</string>
				<key>GCC_WARN_UNDECLARED_SELECTOR</key>
				<string>YES</string>
				<key>GCC_WARN_UNINITIALIZED_AUTOS</key>
				<string>YES</string>
				<key>GCC_WARN_UNUSED_FUNCTION</key>
				<string>YES</string>
				<key>GCC_WARN_UNUSED_VARIABLE</key>
				<string>YES</string>
				<key>IPHONEOS_DEPLOYMENT_TARGET</key>
				<string>7.0</string>
				<key>ONLY_ACTIVE_ARCH</key>
				<string>YES</string>
				<key>SDKROOT</key>
				<string>iphoneos</string>
				<key>TARGETED_DEVICE_FAMILY</key>
				<string>1,2</string>
			</dict>
			<key>isa</key>
			<string>XCBuildConfiguration</string>
			<key>name</key>
			<string>Debug</string>
		</dict>
		<key>6EB7E16D17F73FD500C1500A</key>
		<dict>
			<key>buildSettings</key>
			<dict>
				<key>ALWAYS_SEARCH_USER_PATHS</key>
				<string>NO</string>
				<key>ARCHS</key>
				<string>$(ARCHS_STANDARD_INCLUDING_64_BIT)</string>
				<key>CLANG_CXX_LANGUAGE_STANDARD</key>
				<string>gnu++0x</string>
				<key>CLANG_CXX_LIBRARY</key>
				<string>libc++</string>
				<key>CLANG_ENABLE_MODULES</key>
				<string>YES</string>
				<key>CLANG_ENABLE_OBJC_ARC</key>
				<string>YES</string>
				<key>CLANG_WARN_BOOL_CONVERSION</key>
				<string>YES</string>
				<key>CLANG_WARN_CONSTANT_CONVERSION</key>
				<string>YES</string>
				<key>CLANG_WARN_DIRECT_OBJC_ISA_USAGE</key>
				<string>YES_ERROR</string>
				<key>CLANG_WARN_EMPTY_BODY</key>
				<string>YES</string>
				<key>CLANG_WARN_ENUM_CONVERSION</key>
				<string>YES</string>
				<key>CLANG_WARN_INT_CONVERSION</key>
				<string>YES</string>
				<key>CLANG_WARN_OBJC_ROOT_CLASS</key>
				<string>YES_ERROR</string>
				<key>CLANG_WARN__DUPLICATE_METHOD_MATCH</key>
				<string>YES</string>
				<key>CODE_SIGN_IDENTITY[sdk=iphoneos*]</key>
				<string>iPhone Developer</string>
				<key>COPY_PHASE_STRIP</key>
				<string>YES</string>
				<key>ENABLE_NS_ASSERTIONS</key>
				<string>NO</string>
				<key>GCC_C_LANGUAGE_STANDARD</key>
				<string>gnu99</string>
				<key>GCC_WARN_64_TO_32_BIT_CONVERSION</key>
				<string>YES</string>
				<key>GCC_WARN_ABOUT_RETURN_TYPE</key>
				<string>YES_ERROR</string>
				<key>GCC_WARN_UNDECLARED_SELECTOR</key>
				<string>YES</string>
				<key>GCC_WARN_UNINITIALIZED_AUTOS</key>
				<string>YES</string>
				<key>GCC_WARN_UNUSED_FUNCTION</key>
				<string>YES</string>
				<key>GCC_WARN_UNUSED_VARIABLE</key>
				<string>YES</string>
				<key>IPHONEOS_DEPLOYMENT_TARGET</key>
				<string>7.0</string>
				<key>SDKROOT</key>
				<string>iphoneos</string>
				<key>TARGETED_DEVICE_FAMILY</key>
				<string>1,2</string>
				<key>VALIDATE_PRODUCT</key>
				<string>YES</string>
			</dict>
			<key>isa</key>
			<string>XCBuildConfiguration</string>
			<key>name</key>
			<string>Release</string>
		</dict>
		<key>6EB7E16E17F73FD500C1500A</key>
		<dict>
			<key>buildConfigurations</key>
			<array>
				<string>6EB7E16F17F73FD500C1500A</string>
				<string>6EB7E17017F73FD500C1500A</string>
			</array>
			<key>defaultConfigurationIsVisible</key>
			<string>0</string>
			<key>isa</key>
			<string>XCConfigurationList</string>
		</dict>
		<key>6EB7E16F17F73FD500C1500A</key>
		<dict>
			<key>buildSettings</key>
			<dict>
				<key>ASSETCATALOG_COMPILER_APPICON_NAME</key>
				<string>AppIcon</string>
				<key>ASSETCATALOG_COMPILER_LAUNCHIMAGE_NAME</key>
				<string>LaunchImage</string>
				<key>GCC_PRECOMPILE_PREFIX_HEADER</key>
				<string>YES</string>
				<key>GCC_PREFIX_HEADER</key>
				<string>FrankCatchAlertView/FrankCatchAlertView-Prefix.pch</string>
				<key>INFOPLIST_FILE</key>
				<string>FrankCatchAlertView/FrankCatchAlertView-Info.plist</string>
				<key>LIBRARY_SEARCH_PATHS</key>
				<array>
					<string>$(inherited)</string>
					<string>$(FRANK_LIBRARY_SEARCH_PATHS)</string>
				</array>
				<key>OTHER_LDFLAGS</key>
				<array>
					<string>$(inherited)</string>
					<string>$(FRANK_LDFLAGS)</string>
				</array>
				<key>PRODUCT_NAME</key>
				<string>$(TARGET_NAME)</string>
				<key>WRAPPER_EXTENSION</key>
				<string>app</string>
			</dict>
			<key>isa</key>
			<string>XCBuildConfiguration</string>
			<key>name</key>
			<string>Debug</string>
		</dict>
		<key>6EB7E17017F73FD500C1500A</key>
		<dict>
			<key>buildSettings</key>
			<dict>
				<key>ASSETCATALOG_COMPILER_APPICON_NAME</key>
				<string>AppIcon</string>
				<key>ASSETCATALOG_COMPILER_LAUNCHIMAGE_NAME</key>
				<string>LaunchImage</string>
				<key>GCC_PRECOMPILE_PREFIX_HEADER</key>
				<string>YES</string>
				<key>GCC_PREFIX_HEADER</key>
				<string>FrankCatchAlertView/FrankCatchAlertView-Prefix.pch</string>
				<key>INFOPLIST_FILE</key>
				<string>FrankCatchAlertView/FrankCatchAlertView-Info.plist</string>
				<key>PRODUCT_NAME</key>
				<string>$(TARGET_NAME)</string>
				<key>WRAPPER_EXTENSION</key>
				<string>app</string>
			</dict>
			<key>isa</key>
			<string>XCBuildConfiguration</string>
			<key>name</key>
			<string>Release</string>
		</dict>
		<key>6EB7E17117F73FD500C1500A</key>
		<dict>
			<key>buildConfigurations</key>
			<array>
				<string>6EB7E17217F73FD500C1500A</string>
				<string>6EB7E17317F73FD500C1500A</string>
			</array>
			<key>defaultConfigurationIsVisible</key>
			<string>0</string>
			<key>isa</key>
			<string>XCConfigurationList</string>
		</dict>
		<key>6EB7E17217F73FD500C1500A</key>
		<dict>
			<key>buildSettings</key>
			<dict>
				<key>ARCHS</key>
				<string>$(ARCHS_STANDARD_INCLUDING_64_BIT)</string>
				<key>BUNDLE_LOADER</key>
				<string>$(BUILT_PRODUCTS_DIR)/FrankCatchAlertView.app/FrankCatchAlertView</string>
				<key>FRAMEWORK_SEARCH_PATHS</key>
				<array>
					<string>$(SDKROOT)/Developer/Library/Frameworks</string>
					<string>$(inherited)</string>
					<string>$(DEVELOPER_FRAMEWORKS_DIR)</string>
				</array>
				<key>GCC_PRECOMPILE_PREFIX_HEADER</key>
				<string>YES</string>
				<key>GCC_PREFIX_HEADER</key>
				<string>FrankCatchAlertView/FrankCatchAlertView-Prefix.pch</string>
				<key>GCC_PREPROCESSOR_DEFINITIONS</key>
				<array>
					<string>DEBUG=1</string>
					<string>$(inherited)</string>
				</array>
				<key>INFOPLIST_FILE</key>
				<string>FrankCatchAlertViewTests/FrankCatchAlertViewTests-Info.plist</string>
				<key>PRODUCT_NAME</key>
				<string>$(TARGET_NAME)</string>
				<key>TEST_HOST</key>
				<string>$(BUNDLE_LOADER)</string>
				<key>WRAPPER_EXTENSION</key>
				<string>xctest</string>
			</dict>
			<key>isa</key>
			<string>XCBuildConfiguration</string>
			<key>name</key>
			<string>Debug</string>
		</dict>
		<key>6EB7E17317F73FD500C1500A</key>
		<dict>
			<key>buildSettings</key>
			<dict>
				<key>ARCHS</key>
				<string>$(ARCHS_STANDARD_INCLUDING_64_BIT)</string>
				<key>BUNDLE_LOADER</key>
				<string>$(BUILT_PRODUCTS_DIR)/FrankCatchAlertView.app/FrankCatchAlertView</string>
				<key>FRAMEWORK_SEARCH_PATHS</key>
				<array>
					<string>$(SDKROOT)/Developer/Library/Frameworks</string>
					<string>$(inherited)</string>
					<string>$(DEVELOPER_FRAMEWORKS_DIR)</string>
				</array>
				<key>GCC_PRECOMPILE_PREFIX_HEADER</key>
				<string>YES</string>
				<key>GCC_PREFIX_HEADER</key>
				<string>FrankCatchAlertView/FrankCatchAlertView-Prefix.pch</string>
				<key>INFOPLIST_FILE</key>
				<string>FrankCatchAlertViewTests/FrankCatchAlertViewTests-Info.plist</string>
				<key>PRODUCT_NAME</key>
				<string>$(TARGET_NAME)</string>
				<key>TEST_HOST</key>
				<string>$(BUNDLE_LOADER)</string>
				<key>WRAPPER_EXTENSION</key>
				<string>xctest</string>
			</dict>
			<key>isa</key>
			<string>XCBuildConfiguration</string>
			<key>name</key>
			<string>Release</string>
		</dict>
	</dict>
	<key>rootObject</key>
	<string>6EB7E13117F73FD400C1500A</string>
</dict>
</plist>
